
Microsoft Visual Studio Solution File, Format Version 12.00
# Visual Studio Version 16
VisualStudioVersion = 16.0.30907.101
MinimumVisualStudioVersion = 10.0.40219.1
Project("{FAE04EC0-301F-11D3-BF4B-00C04F79EFBC}") = "OneKeyToBrain", "OneKeyToBrain.csproj", "{D85C997C-328F-4B8B-A6C8-4905905ADA57}"
EndProject
Global
	GlobalSection(SolutionConfigurationPlatforms) = preSolution
		Debug|Any CPU = Debug|Any CPU
		Release|Any CPU = Release|Any CPU
	EndGlobalSection
	GlobalSection(ProjectConfigurationPlatforms) = postSolution
		{D85C997C-328F-4B8B-A6C8-4905905ADA57}.Debug|Any CPU.ActiveCfg = Debug|Any CPU
		{D85C997C-328F-4B8B-A6C8-4905905ADA57}.Debug|Any CPU.Build.0 = Debug|Any CPU
		{D85C997C-328F-4B8B-A6C8-4905905ADA57}.Release|Any CPU.ActiveCfg = Release|Any CPU
		{D85C997C-328F-4B8B-A6C8-4905905ADA57}.Release|Any CPU.Build.0 = Release|Any CPU
	EndGlobalSection
	GlobalSection(SolutionProperties) = preSolution
		HideSolutionNode = FALSE
	EndGlobalSection
	GlobalSection(ExtensibilityGlobals) = postSolution
		SolutionGuid = {CBEB49D3-760D-463B-998B-838F3B9AE2A4}
	EndGlobalSection
EndGlobal
