
Microsoft Visual Studio Solution File, Format Version 12.00
# Visual Studio Version 16
VisualStudioVersion = 16.0.30709.132
MinimumVisualStudioVersion = 10.0.40219.1
Project("{FAE04EC0-301F-11D3-BF4B-00C04F79EFBC}") = "KurisuRiven", "KurisuRiven.csproj", "{D5702845-070B-4074-A141-90EE78948B49}"
EndProject
Global
	GlobalSection(SolutionConfigurationPlatforms) = preSolution
		Debug|Any CPU = Debug|Any CPU
		Release|Any CPU = Release|Any CPU
	EndGlobalSection
	GlobalSection(ProjectConfigurationPlatforms) = postSolution
		{D5702845-070B-4074-A141-90EE78948B49}.Debug|Any CPU.ActiveCfg = Debug|Any CPU
		{D5702845-070B-4074-A141-90EE78948B49}.Debug|Any CPU.Build.0 = Debug|Any CPU
		{D5702845-070B-4074-A141-90EE78948B49}.Release|Any CPU.ActiveCfg = Release|Any CPU
		{D5702845-070B-4074-A141-90EE78948B49}.Release|Any CPU.Build.0 = Release|Any CPU
	EndGlobalSection
	GlobalSection(SolutionProperties) = preSolution
		HideSolutionNode = FALSE
	EndGlobalSection
	GlobalSection(ExtensibilityGlobals) = postSolution
		SolutionGuid = {41B144BC-B6D8-4467-86DE-EAD096B537BE}
	EndGlobalSection
EndGlobal
